
Microsoft Visual Studio Solution File, Format Version 12.00
# Visual Studio 14
VisualStudioVersion = 14.0.25420.1
MinimumVisualStudioVersion = 10.0.40219.1
Project("{FAE04EC0-301F-11D3-BF4B-00C04F79EFBC}") = "MSRC.Portal.CloudSecurity", "MSRC.Portal.CloudSecurity\MSRC.Portal.CloudSecurity.csproj", "{B84A7592-A576-4E68-81DB-A8E9BB647525}"
EndProject
Project("{FAE04EC0-301F-11D3-BF4B-00C04F79EFBC}") = "MSRC.Portal.CloudSecurity.Tests", "MSRC.Portal.CloudSecurity.Tests\MSRC.Portal.CloudSecurity.Tests.csproj", "{A3BAAA7F-E08A-4D91-9EE0-75D26716319A}"
EndProject
Project("{FAE04EC0-301F-11D3-BF4B-00C04F79EFBC}") = "MSRC.Portal.CloudSecurity.DataAccess", "MSRC.Portal.CloudSecurity.DataAccess\MSRC.Portal.CloudSecurity.DataAccess.csproj", "{0BBCA32C-1106-40F1-AD26-3E962844E0DB}"
EndProject
Project("{FAE04EC0-301F-11D3-BF4B-00C04F79EFBC}") = "MSRC.Portal.CloudSecurity.Data.Common", "MSRC.Portal.CloudSecurity.Data.Common\MSRC.Portal.CloudSecurity.Data.Common.csproj", "{030C2A58-EF83-47BD-A68C-56A01621DB49}"
EndProject
Global
	GlobalSection(SolutionConfigurationPlatforms) = preSolution
		Debug|Any CPU = Debug|Any CPU
		Release|Any CPU = Release|Any CPU
	EndGlobalSection
	GlobalSection(ProjectConfigurationPlatforms) = postSolution
		{B84A7592-A576-4E68-81DB-A8E9BB647525}.Debug|Any CPU.ActiveCfg = Debug|Any CPU
		{B84A7592-A576-4E68-81DB-A8E9BB647525}.Debug|Any CPU.Build.0 = Debug|Any CPU
		{B84A7592-A576-4E68-81DB-A8E9BB647525}.Release|Any CPU.ActiveCfg = Release|Any CPU
		{B84A7592-A576-4E68-81DB-A8E9BB647525}.Release|Any CPU.Build.0 = Release|Any CPU
		{A3BAAA7F-E08A-4D91-9EE0-75D26716319A}.Debug|Any CPU.ActiveCfg = Debug|Any CPU
		{A3BAAA7F-E08A-4D91-9EE0-75D26716319A}.Debug|Any CPU.Build.0 = Debug|Any CPU
		{A3BAAA7F-E08A-4D91-9EE0-75D26716319A}.Release|Any CPU.ActiveCfg = Release|Any CPU
		{A3BAAA7F-E08A-4D91-9EE0-75D26716319A}.Release|Any CPU.Build.0 = Release|Any CPU
		{0BBCA32C-1106-40F1-AD26-3E962844E0DB}.Debug|Any CPU.ActiveCfg = Debug|Any CPU
		{0BBCA32C-1106-40F1-AD26-3E962844E0DB}.Debug|Any CPU.Build.0 = Debug|Any CPU
		{0BBCA32C-1106-40F1-AD26-3E962844E0DB}.Release|Any CPU.ActiveCfg = Release|Any CPU
		{0BBCA32C-1106-40F1-AD26-3E962844E0DB}.Release|Any CPU.Build.0 = Release|Any CPU
		{030C2A58-EF83-47BD-A68C-56A01621DB49}.Debug|Any CPU.ActiveCfg = Debug|Any CPU
		{030C2A58-EF83-47BD-A68C-56A01621DB49}.Debug|Any CPU.Build.0 = Debug|Any CPU
		{030C2A58-EF83-47BD-A68C-56A01621DB49}.Release|Any CPU.ActiveCfg = Release|Any CPU
		{030C2A58-EF83-47BD-A68C-56A01621DB49}.Release|Any CPU.Build.0 = Release|Any CPU
	EndGlobalSection
	GlobalSection(SolutionProperties) = preSolution
		HideSolutionNode = FALSE
	EndGlobalSection
EndGlobal
